
Microsoft Visual Studio Solution File, Format Version 12.00
# Visual Studio 2012
Project("{D2ABAB84-BF74-430A-B69E-9DC6D40DDA17}") = "SSAS", "SSAS\SSAS.dwproj", "{0B8E8680-068E-4EB3-9DD3-020438AE74BB}"
EndProject
Global
	GlobalSection(SolutionConfigurationPlatforms) = preSolution
		Development|Default = Development|Default
	EndGlobalSection
	GlobalSection(ProjectConfigurationPlatforms) = postSolution
		{0B8E8680-068E-4EB3-9DD3-020438AE74BB}.Development|Default.ActiveCfg = Development
		{0B8E8680-068E-4EB3-9DD3-020438AE74BB}.Development|Default.Build.0 = Development
		{0B8E8680-068E-4EB3-9DD3-020438AE74BB}.Development|Default.Deploy.0 = Development
	EndGlobalSection
	GlobalSection(SolutionProperties) = preSolution
		HideSolutionNode = FALSE
	EndGlobalSection
EndGlobal
